
Microsoft Visual Studio Solution File, Format Version 12.00
# Visual Studio 15
VisualStudioVersion = 15.0.28307.168
MinimumVisualStudioVersion = 10.0.40219.1
Project("{FAE04EC0-301F-11D3-BF4B-00C04F79EFBC}") = "ApiJdr", "ApiJdr\ApiJdr.csproj", "{C0EAE9CD-7914-4835-857D-0357D880524C}"
EndProject
Global
	GlobalSection(SolutionConfigurationPlatforms) = preSolution
		Debug|Any CPU = Debug|Any CPU
		Release|Any CPU = Release|Any CPU
	EndGlobalSection
	GlobalSection(ProjectConfigurationPlatforms) = postSolution
		{C0EAE9CD-7914-4835-857D-0357D880524C}.Debug|Any CPU.ActiveCfg = Debug|Any CPU
		{C0EAE9CD-7914-4835-857D-0357D880524C}.Debug|Any CPU.Build.0 = Debug|Any CPU
		{C0EAE9CD-7914-4835-857D-0357D880524C}.Release|Any CPU.ActiveCfg = Release|Any CPU
		{C0EAE9CD-7914-4835-857D-0357D880524C}.Release|Any CPU.Build.0 = Release|Any CPU
	EndGlobalSection
	GlobalSection(SolutionProperties) = preSolution
		HideSolutionNode = FALSE
	EndGlobalSection
	GlobalSection(ExtensibilityGlobals) = postSolution
		SolutionGuid = {63044E25-4CE9-4C8B-BC57-A8118A7E65FA}
	EndGlobalSection
EndGlobal
